
Microsoft Visual Studio Solution File, Format Version 12.00
# Visual Studio Version 17
VisualStudioVersion = 17.0.31903.59
MinimumVisualStudioVersion = 10.0.40219.1
Project("{2150E333-8FDC-42A3-9474-1A3956D46DE8}") = "src", "src", "{B53EF608-7CBC-424B-B356-97F94B18F6C2}"
EndProject
Project("{FAE04EC0-301F-11D3-BF4B-00C04F79EFBC}") = "Manifesto.AspNet", "src\Manifesto.AspNet\Manifesto.AspNet.fsproj", "{0C475236-CA51-4464-A7CC-59BF5BEC0BF7}"
EndProject
Project("{2150E333-8FDC-42A3-9474-1A3956D46DE8}") = "samples", "samples", "{6EF8CA57-A919-40DF-A47F-54CF98B0FEE7}"
EndProject
Project("{2150E333-8FDC-42A3-9474-1A3956D46DE8}") = "logistics", "logistics", "{DA6233A4-48AF-4028-B3A5-0F36A0D68F63}"
EndProject
Project("{FAE04EC0-301F-11D3-BF4B-00C04F79EFBC}") = "logistics-api", "samples\logistics\api\logistics-api.csproj", "{8229042C-BDBC-46C3-AC34-694B9694FB78}"
EndProject
Project("{F2A71F9B-5D33-465A-A702-920D77279786}") = "controller-fsharp", "samples\logistics\controller-fsharp\controller-fsharp.fsproj", "{B003EE8B-DECD-4BB6-A4CA-40BAE8F6F263}"
EndProject
Project("{F2A71F9B-5D33-465A-A702-920D77279786}") = "Manifesto.Client.Fsharp", "src\Manifesto.Client.Fsharp\Manifesto.Client.Fsharp.fsproj", "{36905F96-D18B-4E88-9D04-8B046354D50E}"
EndProject
Project("{2150E333-8FDC-42A3-9474-1A3956D46DE8}") = "sandbox-provisioning", "sandbox-provisioning", "{1FA7A7FA-0AA2-417D-AD1D-4484BFCB1FE7}"
EndProject
Project("{FAE04EC0-301F-11D3-BF4B-00C04F79EFBC}") = "sandbox-api", "samples\sandbox-provisioning\api\sandbox-api.csproj", "{8244CE61-6FD9-446F-883B-65ED6353E686}"
EndProject
Project("{F2A71F9B-5D33-465A-A702-920D77279786}") = "sandbox-fsharp", "samples\sandbox-provisioning\controller-fsharp\sandbox-fsharp.fsproj", "{A29819D0-71A0-48B1-865B-AA8E2DF1D474}"
EndProject
Project("{FAE04EC0-301F-11D3-BF4B-00C04F79EFBC}") = "Manifest.Client.Test", "src\Manifest.Client.Test\Manifest.Client.Test.fsproj", "{980E8059-2C38-41A8-BDC8-8A0D09ED28A0}"
EndProject
Project("{2150E333-8FDC-42A3-9474-1A3956D46DE8}") = "auth", "auth", "{25A386F0-3D24-45B4-9308-7905B427976B}"
EndProject
Project("{F2A71F9B-5D33-465A-A702-920D77279786}") = "auth-with-mTLS", "samples\auth\auth-with-mTLS\auth-with-mTLS.fsproj", "{809DA295-3C31-4956-A770-FADA4807F8C6}"
EndProject
Global
	GlobalSection(SolutionConfigurationPlatforms) = preSolution
		Debug|Any CPU = Debug|Any CPU
		Release|Any CPU = Release|Any CPU
	EndGlobalSection
	GlobalSection(SolutionProperties) = preSolution
		HideSolutionNode = FALSE
	EndGlobalSection
	GlobalSection(ProjectConfigurationPlatforms) = postSolution
		{0C475236-CA51-4464-A7CC-59BF5BEC0BF7}.Debug|Any CPU.ActiveCfg = Debug|Any CPU
		{0C475236-CA51-4464-A7CC-59BF5BEC0BF7}.Debug|Any CPU.Build.0 = Debug|Any CPU
		{0C475236-CA51-4464-A7CC-59BF5BEC0BF7}.Release|Any CPU.ActiveCfg = Release|Any CPU
		{0C475236-CA51-4464-A7CC-59BF5BEC0BF7}.Release|Any CPU.Build.0 = Release|Any CPU
		{8229042C-BDBC-46C3-AC34-694B9694FB78}.Debug|Any CPU.ActiveCfg = Debug|Any CPU
		{8229042C-BDBC-46C3-AC34-694B9694FB78}.Debug|Any CPU.Build.0 = Debug|Any CPU
		{8229042C-BDBC-46C3-AC34-694B9694FB78}.Release|Any CPU.ActiveCfg = Release|Any CPU
		{8229042C-BDBC-46C3-AC34-694B9694FB78}.Release|Any CPU.Build.0 = Release|Any CPU
		{B003EE8B-DECD-4BB6-A4CA-40BAE8F6F263}.Debug|Any CPU.ActiveCfg = Debug|Any CPU
		{B003EE8B-DECD-4BB6-A4CA-40BAE8F6F263}.Debug|Any CPU.Build.0 = Debug|Any CPU
		{B003EE8B-DECD-4BB6-A4CA-40BAE8F6F263}.Release|Any CPU.ActiveCfg = Release|Any CPU
		{B003EE8B-DECD-4BB6-A4CA-40BAE8F6F263}.Release|Any CPU.Build.0 = Release|Any CPU
		{36905F96-D18B-4E88-9D04-8B046354D50E}.Debug|Any CPU.ActiveCfg = Debug|Any CPU
		{36905F96-D18B-4E88-9D04-8B046354D50E}.Debug|Any CPU.Build.0 = Debug|Any CPU
		{36905F96-D18B-4E88-9D04-8B046354D50E}.Release|Any CPU.ActiveCfg = Release|Any CPU
		{36905F96-D18B-4E88-9D04-8B046354D50E}.Release|Any CPU.Build.0 = Release|Any CPU
		{8244CE61-6FD9-446F-883B-65ED6353E686}.Debug|Any CPU.ActiveCfg = Debug|Any CPU
		{8244CE61-6FD9-446F-883B-65ED6353E686}.Debug|Any CPU.Build.0 = Debug|Any CPU
		{8244CE61-6FD9-446F-883B-65ED6353E686}.Release|Any CPU.ActiveCfg = Release|Any CPU
		{8244CE61-6FD9-446F-883B-65ED6353E686}.Release|Any CPU.Build.0 = Release|Any CPU
		{A29819D0-71A0-48B1-865B-AA8E2DF1D474}.Debug|Any CPU.ActiveCfg = Debug|Any CPU
		{A29819D0-71A0-48B1-865B-AA8E2DF1D474}.Debug|Any CPU.Build.0 = Debug|Any CPU
		{A29819D0-71A0-48B1-865B-AA8E2DF1D474}.Release|Any CPU.ActiveCfg = Release|Any CPU
		{A29819D0-71A0-48B1-865B-AA8E2DF1D474}.Release|Any CPU.Build.0 = Release|Any CPU
		{980E8059-2C38-41A8-BDC8-8A0D09ED28A0}.Debug|Any CPU.ActiveCfg = Debug|Any CPU
		{980E8059-2C38-41A8-BDC8-8A0D09ED28A0}.Debug|Any CPU.Build.0 = Debug|Any CPU
		{980E8059-2C38-41A8-BDC8-8A0D09ED28A0}.Release|Any CPU.ActiveCfg = Release|Any CPU
		{980E8059-2C38-41A8-BDC8-8A0D09ED28A0}.Release|Any CPU.Build.0 = Release|Any CPU
		{809DA295-3C31-4956-A770-FADA4807F8C6}.Debug|Any CPU.ActiveCfg = Debug|Any CPU
		{809DA295-3C31-4956-A770-FADA4807F8C6}.Debug|Any CPU.Build.0 = Debug|Any CPU
		{809DA295-3C31-4956-A770-FADA4807F8C6}.Release|Any CPU.ActiveCfg = Release|Any CPU
		{809DA295-3C31-4956-A770-FADA4807F8C6}.Release|Any CPU.Build.0 = Release|Any CPU
	EndGlobalSection
	GlobalSection(NestedProjects) = preSolution
		{0C475236-CA51-4464-A7CC-59BF5BEC0BF7} = {B53EF608-7CBC-424B-B356-97F94B18F6C2}
		{DA6233A4-48AF-4028-B3A5-0F36A0D68F63} = {6EF8CA57-A919-40DF-A47F-54CF98B0FEE7}
		{8229042C-BDBC-46C3-AC34-694B9694FB78} = {DA6233A4-48AF-4028-B3A5-0F36A0D68F63}
		{B003EE8B-DECD-4BB6-A4CA-40BAE8F6F263} = {DA6233A4-48AF-4028-B3A5-0F36A0D68F63}
		{36905F96-D18B-4E88-9D04-8B046354D50E} = {B53EF608-7CBC-424B-B356-97F94B18F6C2}
		{1FA7A7FA-0AA2-417D-AD1D-4484BFCB1FE7} = {6EF8CA57-A919-40DF-A47F-54CF98B0FEE7}
		{8244CE61-6FD9-446F-883B-65ED6353E686} = {1FA7A7FA-0AA2-417D-AD1D-4484BFCB1FE7}
		{A29819D0-71A0-48B1-865B-AA8E2DF1D474} = {1FA7A7FA-0AA2-417D-AD1D-4484BFCB1FE7}
		{980E8059-2C38-41A8-BDC8-8A0D09ED28A0} = {B53EF608-7CBC-424B-B356-97F94B18F6C2}
		{25A386F0-3D24-45B4-9308-7905B427976B} = {6EF8CA57-A919-40DF-A47F-54CF98B0FEE7}
		{809DA295-3C31-4956-A770-FADA4807F8C6} = {25A386F0-3D24-45B4-9308-7905B427976B}
	EndGlobalSection
EndGlobal
